
Microsoft Visual Studio Solution File, Format Version 12.00
# Visual Studio Version 17
VisualStudioVersion = 17.8.34330.188
MinimumVisualStudioVersion = 10.0.40219.1
Project("{888888A0-9F3D-457C-B088-3A5042F75D52}") = "christmas_song", "christmas_song\christmas_song.pyproj", "{BF73F8C8-0784-4912-8F91-484D0FAC0F72}"
EndProject
Global
	GlobalSection(SolutionConfigurationPlatforms) = preSolution
		Debug|Any CPU = Debug|Any CPU
		Release|Any CPU = Release|Any CPU
	EndGlobalSection
	GlobalSection(ProjectConfigurationPlatforms) = postSolution
		{BF73F8C8-0784-4912-8F91-484D0FAC0F72}.Debug|Any CPU.ActiveCfg = Debug|Any CPU
		{BF73F8C8-0784-4912-8F91-484D0FAC0F72}.Release|Any CPU.ActiveCfg = Release|Any CPU
	EndGlobalSection
	GlobalSection(SolutionProperties) = preSolution
		HideSolutionNode = FALSE
	EndGlobalSection
	GlobalSection(ExtensibilityGlobals) = postSolution
		SolutionGuid = {1B1ABCA6-A0F1-4AED-8761-71E764D373E7}
	EndGlobalSection
EndGlobal
